// !$*UTF8*$!
{
	archiveVersion = 1;
	classes = {
	};
	objectVersion = 56;
	objects = {

/* Begin PBXBuildFile section */
		3F5464E82A67092000537CAE /* ProdEase2App.swift in Sources */ = {isa = PBXBuildFile; fileRef = 3F5464E72A67092000537CAE /* ProdEase2App.swift */; };
		3F5464EA2A67092000537CAE /* ContentView.swift in Sources */ = {isa = PBXBuildFile; fileRef = 3F5464E92A67092000537CAE /* ContentView.swift */; };
		3F5464EC2A67092700537CAE /* Assets.xcassets in Resources */ = {isa = PBXBuildFile; fileRef = 3F5464EB2A67092700537CAE /* Assets.xcassets */; };
		3F5464EF2A67092700537CAE /* Preview Assets.xcassets in Resources */ = {isa = PBXBuildFile; fileRef = 3F5464EE2A67092700537CAE /* Preview Assets.xcassets */; };
		BD2192632A67115500F4A96C /* Skills.swift in Sources */ = {isa = PBXBuildFile; fileRef = BD2192622A67115500F4A96C /* Skills.swift */; };
		BD2192652A67119600F4A96C /* Pomo.swift in Sources */ = {isa = PBXBuildFile; fileRef = BD2192642A67119600F4A96C /* Pomo.swift */; };
		BD2192672A6711A100F4A96C /* Spacedrep.swift in Sources */ = {isa = PBXBuildFile; fileRef = BD2192662A6711A100F4A96C /* Spacedrep.swift */; };
		BD2192692A6711AB00F4A96C /* blurtingMethod.swift in Sources */ = {isa = PBXBuildFile; fileRef = BD2192682A6711AB00F4A96C /* blurtingMethod.swift */; };
		BD21926B2A6711B700F4A96C /* Feynman.swift in Sources */ = {isa = PBXBuildFile; fileRef = BD21926A2A6711B700F4A96C /* Feynman.swift */; };
		BD8607B92A6725AA00CCB34E /* TimerApp.swift in Sources */ = {isa = PBXBuildFile; fileRef = BD8607B82A6725AA00CCB34E /* TimerApp.swift */; };
/* End PBXBuildFile section */

/* Begin PBXFileReference section */
		3F5464E42A67092000537CAE /* ProdEase2.app */ = {isa = PBXFileReference; explicitFileType = wrapper.application; includeInIndex = 0; path = ProdEase2.app; sourceTree = BUILT_PRODUCTS_DIR; };
		3F5464E72A67092000537CAE /* ProdEase2App.swift */ = {isa = PBXFileReference; lastKnownFileType = sourcecode.swift; path = ProdEase2App.swift; sourceTree = "<group>"; };
		3F5464E92A67092000537CAE /* ContentView.swift */ = {isa = PBXFileReference; lastKnownFileType = sourcecode.swift; path = ContentView.swift; sourceTree = "<group>"; };
		3F5464EB2A67092700537CAE /* Assets.xcassets */ = {isa = PBXFileReference; lastKnownFileType = folder.assetcatalog; path = Assets.xcassets; sourceTree = "<group>"; };
		3F5464EE2A67092700537CAE /* Preview Assets.xcassets */ = {isa = PBXFileReference; lastKnownFileType = folder.assetcatalog; path = "Preview Assets.xcassets"; sourceTree = "<group>"; };
		BD2192622A67115500F4A96C /* Skills.swift */ = {isa = PBXFileReference; lastKnownFileType = sourcecode.swift; path = Skills.swift; sourceTree = "<group>"; };
		BD2192642A67119600F4A96C /* Pomo.swift */ = {isa = PBXFileReference; lastKnownFileType = sourcecode.swift; path = Pomo.swift; sourceTree = "<group>"; };
		BD2192662A6711A100F4A96C /* Spacedrep.swift */ = {isa = PBXFileReference; lastKnownFileType = sourcecode.swift; path = Spacedrep.swift; sourceTree = "<group>"; };
		BD2192682A6711AB00F4A96C /* blurtingMethod.swift */ = {isa = PBXFileReference; lastKnownFileType = sourcecode.swift; path = blurtingMethod.swift; sourceTree = "<group>"; };
		BD21926A2A6711B700F4A96C /* Feynman.swift */ = {isa = PBXFileReference; lastKnownFileType = sourcecode.swift; path = Feynman.swift; sourceTree = "<group>"; };
		BD8607B82A6725AA00CCB34E /* TimerApp.swift */ = {isa = PBXFileReference; lastKnownFileType = sourcecode.swift; path = TimerApp.swift; sourceTree = "<group>"; };
/* End PBXFileReference section */

/* Begin PBXFrameworksBuildPhase section */
		3F5464E12A67092000537CAE /* Frameworks */ = {
			isa = PBXFrameworksBuildPhase;
			buildActionMask = 2147483647;
			files = (
			);
			runOnlyForDeploymentPostprocessing = 0;
		};
/* End PBXFrameworksBuildPhase section */

/* Begin PBXGroup section */
		3F5464DB2A67092000537CAE = {
			isa = PBXGroup;
			children = (
				3F5464E62A67092000537CAE /* ProdEase2 */,
				3F5464E52A67092000537CAE /* Products */,
			);
			sourceTree = "<group>";
		};
		3F5464E52A67092000537CAE /* Products */ = {
			isa = PBXGroup;
			children = (
				3F5464E42A67092000537CAE /* ProdEase2.app */,
			);
			name = Products;
			sourceTree = "<group>";
		};
		3F5464E62A67092000537CAE /* ProdEase2 */ = {
			isa = PBXGroup;
			children = (
				3F5464E72A67092000537CAE /* ProdEase2App.swift */,
				3F5464E92A67092000537CAE /* ContentView.swift */,
				BD2192622A67115500F4A96C /* Skills.swift */,
				BD2192642A67119600F4A96C /* Pomo.swift */,
				BD2192662A6711A100F4A96C /* Spacedrep.swift */,
				BD2192682A6711AB00F4A96C /* blurtingMethod.swift */,
				BD8607B82A6725AA00CCB34E /* TimerApp.swift */,
				BD21926A2A6711B700F4A96C /* Feynman.swift */,
				3F5464EB2A67092700537CAE /* Assets.xcassets */,
				3F5464ED2A67092700537CAE /* Preview Content */,
			);
			path = ProdEase2;
			sourceTree = "<group>";
		};
		3F5464ED2A67092700537CAE /* Preview Content */ = {
			isa = PBXGroup;
			children = (
				3F5464EE2A67092700537CAE /* Preview Assets.xcassets */,
			);
			path = "Preview Content";
			sourceTree = "<group>";
		};
/* End PBXGroup section */

/* Begin PBXNativeTarget section */
		3F5464E32A67092000537CAE /* ProdEase2 */ = {
			isa = PBXNativeTarget;
			buildConfigurationList = 3F5464F22A67092700537CAE /* Build configuration list for PBXNativeTarget "ProdEase2" */;
			buildPhases = (
				3F5464E02A67092000537CAE /* Sources */,
				3F5464E12A67092000537CAE /* Frameworks */,
				3F5464E22A67092000537CAE /* Resources */,
			);
			buildRules = (
			);
			dependencies = (
			);
			name = ProdEase2;
			productName = ProdEase2;
			productReference = 3F5464E42A67092000537CAE /* ProdEase2.app */;
			productType = "com.apple.product-type.application";
		};
/* End PBXNativeTarget section */

/* Begin PBXProject section */
		3F5464DC2A67092000537CAE /* Project object */ = {
			isa = PBXProject;
			attributes = {
				BuildIndependentTargetsInParallel = 1;
				LastSwiftUpdateCheck = 1430;
				LastUpgradeCheck = 1430;
				TargetAttributes = {
					3F5464E32A67092000537CAE = {
						CreatedOnToolsVersion = 14.3.1;
					};
				};
			};
			buildConfigurationList = 3F5464DF2A67092000537CAE /* Build configuration list for PBXProject "ProdEase2" */;
			compatibilityVersion = "Xcode 14.0";
			developmentRegion = en;
			hasScannedForEncodings = 0;
			knownRegions = (
				en,
				Base,
			);
			mainGroup = 3F5464DB2A67092000537CAE;
			productRefGroup = 3F5464E52A67092000537CAE /* Products */;
			projectDirPath = "";
			projectRoot = "";
			targets = (
				3F5464E32A67092000537CAE /* ProdEase2 */,
			);
		};
/* End PBXProject section */

/* Begin PBXResourcesBuildPhase section */
		3F5464E22A67092000537CAE /* Resources */ = {
			isa = PBXResourcesBuildPhase;
			buildActionMask = 2147483647;
			files = (
				3F5464EF2A67092700537CAE /* Preview Assets.xcassets in Resources */,
				3F5464EC2A67092700537CAE /* Assets.xcassets in Resources */,
			);
			runOnlyForDeploymentPostprocessing = 0;
		};
/* End PBXResourcesBuildPhase section */

/* Begin PBXSourcesBuildPhase section */
		3F5464E02A67092000537CAE /* Sources */ = {
			isa = PBXSourcesBuildPhase;
			buildActionMask = 2147483647;
			files = (
				BD2192652A67119600F4A96C /* Pomo.swift in Sources */,
				BD21926B2A6711B700F4A96C /* Feynman.swift in Sources */,
				BD2192692A6711AB00F4A96C /* blurtingMethod.swift in Sources */,
				BD2192672A6711A100F4A96C /* Spacedrep.swift in Sources */,
				3F5464EA2A67092000537CAE /* ContentView.swift in Sources */,
				BD2192632A67115500F4A96C /* Skills.swift in Sources */,
				3F5464E82A67092000537CAE /* ProdEase2App.swift in Sources */,
				BD8607B92A6725AA00CCB34E /* TimerApp.swift in Sources */,
			);
			runOnlyForDeploymentPostprocessing = 0;
		};
/* End PBXSourcesBuildPhase section */

/* Begin XCBuildConfiguration section */
		3F5464F02A67092700537CAE /* Debug */ = {
			isa = XCBuildConfiguration;
			buildSettings = {
				ALWAYS_SEARCH_USER_PATHS = NO;
				CLANG_ANALYZER_NONNULL = YES;
				CLANG_ANALYZER_NUMBER_OBJECT_CONVERSION = YES_AGGRESSIVE;
				CLANG_CXX_LANGUAGE_STANDARD = "gnu++20";
				CLANG_ENABLE_MODULES = YES;
				CLANG_ENABLE_OBJC_ARC = YES;
				CLANG_ENABLE_OBJC_WEAK = YES;
				CLANG_WARN_BLOCK_CAPTURE_AUTORELEASING = YES;
				CLANG_WARN_BOOL_CONVERSION = YES;
				CLANG_WARN_COMMA = YES;
				CLANG_WARN_CONSTANT_CONVERSION = YES;
				CLANG_WARN_DEPRECATED_OBJC_IMPLEMENTATIONS = YES;
				CLANG_WARN_DIRECT_OBJC_ISA_USAGE = YES_ERROR;
				CLANG_WARN_DOCUMENTATION_COMMENTS = YES;
				CLANG_WARN_EMPTY_BODY = YES;
				CLANG_WARN_ENUM_CONVERSION = YES;
				CLANG_WARN_INFINITE_RECURSION = YES;
				CLANG_WARN_INT_CONVERSION = YES;
				CLANG_WARN_NON_LITERAL_NULL_CONVERSION = YES;
				CLANG_WARN_OBJC_IMPLICIT_RETAIN_SELF = YES;
				CLANG_WARN_OBJC_LITERAL_CONVERSION = YES;
				CLANG_WARN_OBJC_ROOT_CLASS = YES_ERROR;
				CLANG_WARN_QUOTED_INCLUDE_IN_FRAMEWORK_HEADER = YES;
				CLANG_WARN_RANGE_LOOP_ANALYSIS = YES;
				CLANG_WARN_STRICT_PROTOTYPES = YES;
				CLANG_WARN_SUSPICIOUS_MOVE = YES;
				CLANG_WARN_UNGUARDED_AVAILABILITY = YES_AGGRESSIVE;
				CLANG_WARN_UNREACHABLE_CODE = YES;
				CLANG_WARN__DUPLICATE_METHOD_MATCH = YES;
				COPY_PHASE_STRIP = NO;
				DEBUG_INFORMATION_FORMAT = dwarf;
				ENABLE_STRICT_OBJC_MSGSEND = YES;
				ENABLE_TESTABILITY = YES;
				GCC_C_LANGUAGE_STANDARD = gnu11;
				GCC_DYNAMIC_NO_PIC = NO;
				GCC_NO_COMMON_BLOCKS = YES;
				GCC_OPTIMIZATION_LEVEL = 0;
				GCC_PREPROCESSOR_DEFINITIONS = (
					"DEBUG=1",
					"$(inherited)",
				);
				GCC_WARN_64_TO_32_BIT_CONVERSION = YES;
				GCC_WARN_ABOUT_RETURN_TYPE = YES_ERROR;
				GCC_WARN_UNDECLARED_SELECTOR = YES;
				GCC_WARN_UNINITIALIZED_AUTOS = YES_AGGRESSIVE;
				GCC_WARN_UNUSED_FUNCTION = YES;
				GCC_WARN_UNUSED_VARIABLE = YES;
				IPHONEOS_DEPLOYMENT_TARGET = 16.4;
				MTL_ENABLE_DEBUG_INFO = INCLUDE_SOURCE;
				MTL_FAST_MATH = YES;
				ONLY_ACTIVE_ARCH = YES;
				SDKROOT = iphoneos;
				SWIFT_ACTIVE_COMPILATION_CONDITIONS = DEBUG;
				SWIFT_OPTIMIZATION_LEVEL = "-Onone";
			};
			name = Debug;
		};
		3F5464F12A67092700537CAE /* Release */ = {
			isa = XCBuildConfiguration;
			buildSettings = {
				ALWAYS_SEARCH_USER_PATHS = NO;
				CLANG_ANALYZER_NONNULL = YES;
				CLANG_ANALYZER_NUMBER_OBJECT_CONVERSION = YES_AGGRESSIVE;
				CLANG_CXX_LANGUAGE_STANDARD = "gnu++20";
				CLANG_ENABLE_MODULES = YES;
				CLANG_ENABLE_OBJC_ARC = YES;
				CLANG_ENABLE_OBJC_WEAK = YES;
				CLANG_WARN_BLOCK_CAPTURE_AUTORELEASING = YES;
				CLANG_WARN_BOOL_CONVERSION = YES;
				CLANG_WARN_COMMA = YES;
				CLANG_WARN_CONSTANT_CONVERSION = YES;
				CLANG_WARN_DEPRECATED_OBJC_IMPLEMENTATIONS = YES;
				CLANG_WARN_DIRECT_OBJC_ISA_USAGE = YES_ERROR;
				CLANG_WARN_DOCUMENTATION_COMMENTS = YES;
				CLANG_WARN_EMPTY_BODY = YES;
				CLANG_WARN_ENUM_CONVERSION = YES;
				CLANG_WARN_INFINITE_RECURSION = YES;
				CLANG_WARN_INT_CONVERSION = YES;
				CLANG_WARN_NON_LITERAL_NULL_CONVERSION = YES;
				CLANG_WARN_OBJC_IMPLICIT_RETAIN_SELF = YES;
				CLANG_WARN_OBJC_LITERAL_CONVERSION = YES;
				CLANG_WARN_OBJC_ROOT_CLASS = YES_ERROR;
				CLANG_WARN_QUOTED_INCLUDE_IN_FRAMEWORK_HEADER = YES;
				CLANG_WARN_RANGE_LOOP_ANALYSIS = YES;
				CLANG_WARN_STRICT_PROTOTYPES = YES;
				CLANG_WARN_SUSPICIOUS_MOVE = YES;
				CLANG_WARN_UNGUARDED_AVAILABILITY = YES_AGGRESSIVE;
				CLANG_WARN_UNREACHABLE_CODE = YES;
				CLANG_WARN__DUPLICATE_METHOD_MATCH = YES;
				COPY_PHASE_STRIP = NO;
				DEBUG_INFORMATION_FORMAT = "dwarf-with-dsym";
				ENABLE_NS_ASSERTIONS = NO;
				ENABLE_STRICT_OBJC_MSGSEND = YES;
				GCC_C_LANGUAGE_STANDARD = gnu11;
				GCC_NO_COMMON_BLOCKS = YES;
				GCC_WARN_64_TO_32_BIT_CONVERSION = YES;
				GCC_WARN_ABOUT_RETURN_TYPE = YES_ERROR;
				GCC_WARN_UNDECLARED_SELECTOR = YES;
				GCC_WARN_UNINITIALIZED_AUTOS = YES_AGGRESSIVE;
				GCC_WARN_UNUSED_FUNCTION = YES;
				GCC_WARN_UNUSED_VARIABLE = YES;
				IPHONEOS_DEPLOYMENT_TARGET = 16.4;
				MTL_ENABLE_DEBUG_INFO = NO;
				MTL_FAST_MATH = YES;
				SDKROOT = iphoneos;
				SWIFT_COMPILATION_MODE = wholemodule;
				SWIFT_OPTIMIZATION_LEVEL = "-O";
				VALIDATE_PRODUCT = YES;
			};
			name = Release;
		};
		3F5464F32A67092700537CAE /* Debug */ = {
			isa = XCBuildConfiguration;
			buildSettings = {
				ASSETCATALOG_COMPILER_APPICON_NAME = AppIcon;
				ASSETCATALOG_COMPILER_GLOBAL_ACCENT_COLOR_NAME = AccentColor;
				CODE_SIGN_STYLE = Automatic;
				CURRENT_PROJECT_VERSION = 1;
				DEVELOPMENT_ASSET_PATHS = "\"ProdEase2/Preview Content\"";
				ENABLE_PREVIEWS = YES;
				GENERATE_INFOPLIST_FILE = YES;
				INFOPLIST_KEY_UIApplicationSceneManifest_Generation = YES;
				INFOPLIST_KEY_UIApplicationSupportsIndirectInputEvents = YES;
				INFOPLIST_KEY_UILaunchScreen_Generation = YES;
				INFOPLIST_KEY_UISupportedInterfaceOrientations_iPad = "UIInterfaceOrientationPortrait UIInterfaceOrientationPortraitUpsideDown UIInterfaceOrientationLandscapeLeft UIInterfaceOrientationLandscapeRight";
				INFOPLIST_KEY_UISupportedInterfaceOrientations_iPhone = "UIInterfaceOrientationPortrait UIInterfaceOrientationLandscapeLeft UIInterfaceOrientationLandscapeRight";
				LD_RUNPATH_SEARCH_PATHS = (
					"$(inherited)",
					"@executable_path/Frameworks",
				);
				MARKETING_VERSION = 1.0;
				PRODUCT_BUNDLE_IDENTIFIER = KWK.ProdEase2;
				PRODUCT_NAME = "$(TARGET_NAME)";
				SWIFT_EMIT_LOC_STRINGS = YES;
				SWIFT_VERSION = 5.0;
				TARGETED_DEVICE_FAMILY = "1,2";
			};
			name = Debug;
		};
		3F5464F42A67092700537CAE /* Release */ = {
			isa = XCBuildConfiguration;
			buildSettings = {
				ASSETCATALOG_COMPILER_APPICON_NAME = AppIcon;
				ASSETCATALOG_COMPILER_GLOBAL_ACCENT_COLOR_NAME = AccentColor;
				CODE_SIGN_STYLE = Automatic;
				CURRENT_PROJECT_VERSION = 1;
				DEVELOPMENT_ASSET_PATHS = "\"ProdEase2/Preview Content\"";
				ENABLE_PREVIEWS = YES;
				GENERATE_INFOPLIST_FILE = YES;
				INFOPLIST_KEY_UIApplicationSceneManifest_Generation = YES;
				INFOPLIST_KEY_UIApplicationSupportsIndirectInputEvents = YES;
				INFOPLIST_KEY_UILaunchScreen_Generation = YES;
				INFOPLIST_KEY_UISupportedInterfaceOrientations_iPad = "UIInterfaceOrientationPortrait UIInterfaceOrientationPortraitUpsideDown UIInterfaceOrientationLandscapeLeft UIInterfaceOrientationLandscapeRight";
				INFOPLIST_KEY_UISupportedInterfaceOrientations_iPhone = "UIInterfaceOrientationPortrait UIInterfaceOrientationLandscapeLeft UIInterfaceOrientationLandscapeRight";
				LD_RUNPATH_SEARCH_PATHS = (
					"$(inherited)",
					"@executable_path/Frameworks",
				);
				MARKETING_VERSION = 1.0;
				PRODUCT_BUNDLE_IDENTIFIER = KWK.ProdEase2;
				PRODUCT_NAME = "$(TARGET_NAME)";
				SWIFT_EMIT_LOC_STRINGS = YES;
				SWIFT_VERSION = 5.0;
				TARGETED_DEVICE_FAMILY = "1,2";
			};
			name = Release;
		};
/* End XCBuildConfiguration section */

/* Begin XCConfigurationList section */
		3F5464DF2A67092000537CAE /* Build configuration list for PBXProject "ProdEase2" */ = {
			isa = XCConfigurationList;
			buildConfigurations = (
				3F5464F02A67092700537CAE /* Debug */,
				3F5464F12A67092700537CAE /* Release */,
			);
			defaultConfigurationIsVisible = 0;
			defaultConfigurationName = Release;
		};
		3F5464F22A67092700537CAE /* Build configuration list for PBXNativeTarget "ProdEase2" */ = {
			isa = XCConfigurationList;
			buildConfigurations = (
				3F5464F32A67092700537CAE /* Debug */,
				3F5464F42A67092700537CAE /* Release */,
			);
			defaultConfigurationIsVisible = 0;
			defaultConfigurationName = Release;
		};
/* End XCConfigurationList section */
	};
	rootObject = 3F5464DC2A67092000537CAE /* Project object */;
}
